
Microsoft Visual Studio Solution File, Format Version 12.00
# Visual Studio Version 17
VisualStudioVersion = 17.8.34525.116
MinimumVisualStudioVersion = 10.0.40219.1
Project("{FAE04EC0-301F-11D3-BF4B-00C04F79EFBC}") = "MauiAppViagem", "MauiAppViagem\MauiAppViagem.csproj", "{9595E413-44B3-432B-966F-2F25F212284D}"
EndProject
Global
	GlobalSection(SolutionConfigurationPlatforms) = preSolution
		Debug|Any CPU = Debug|Any CPU
		Release|Any CPU = Release|Any CPU
	EndGlobalSection
	GlobalSection(ProjectConfigurationPlatforms) = postSolution
		{9595E413-44B3-432B-966F-2F25F212284D}.Debug|Any CPU.ActiveCfg = Debug|Any CPU
		{9595E413-44B3-432B-966F-2F25F212284D}.Debug|Any CPU.Build.0 = Debug|Any CPU
		{9595E413-44B3-432B-966F-2F25F212284D}.Debug|Any CPU.Deploy.0 = Debug|Any CPU
		{9595E413-44B3-432B-966F-2F25F212284D}.Release|Any CPU.ActiveCfg = Release|Any CPU
		{9595E413-44B3-432B-966F-2F25F212284D}.Release|Any CPU.Build.0 = Release|Any CPU
		{9595E413-44B3-432B-966F-2F25F212284D}.Release|Any CPU.Deploy.0 = Release|Any CPU
	EndGlobalSection
	GlobalSection(SolutionProperties) = preSolution
		HideSolutionNode = FALSE
	EndGlobalSection
	GlobalSection(ExtensibilityGlobals) = postSolution
		SolutionGuid = {D90B4BC0-573D-488B-9D81-2C53724FF4E5}
	EndGlobalSection
EndGlobal
